
Microsoft Visual Studio Solution File, Format Version 12.00
# Visual Studio Version 17
VisualStudioVersion = 17.5.33414.496
MinimumVisualStudioVersion = 10.0.40219.1
Project("{FAE04EC0-301F-11D3-BF4B-00C04F79EFBC}") = "PassionProjectfinalIteration", "PassionProjectfinalIteration\PassionProjectfinalIteration.csproj", "{16194879-A00F-4099-B993-406ECE5B6901}"
EndProject
Global
	GlobalSection(SolutionConfigurationPlatforms) = preSolution
		Debug|Any CPU = Debug|Any CPU
		Release|Any CPU = Release|Any CPU
	EndGlobalSection
	GlobalSection(ProjectConfigurationPlatforms) = postSolution
		{16194879-A00F-4099-B993-406ECE5B6901}.Debug|Any CPU.ActiveCfg = Debug|Any CPU
		{16194879-A00F-4099-B993-406ECE5B6901}.Debug|Any CPU.Build.0 = Debug|Any CPU
		{16194879-A00F-4099-B993-406ECE5B6901}.Release|Any CPU.ActiveCfg = Release|Any CPU
		{16194879-A00F-4099-B993-406ECE5B6901}.Release|Any CPU.Build.0 = Release|Any CPU
	EndGlobalSection
	GlobalSection(SolutionProperties) = preSolution
		HideSolutionNode = FALSE
	EndGlobalSection
	GlobalSection(ExtensibilityGlobals) = postSolution
		SolutionGuid = {FE8372DA-482A-4218-9D80-81C6FC807871}
	EndGlobalSection
EndGlobal
